
Microsoft Visual Studio Solution File, Format Version 12.00
# Visual Studio Version 16
VisualStudioVersion = 16.0.30011.22
MinimumVisualStudioVersion = 10.0.40219.1
Project("{9A19103F-16F7-4668-BE54-9A1E7A4F7556}") = "Taxi.Common", "Taxi.Common\Taxi.Common.csproj", "{B5ABC74B-8644-40E3-8AEB-886F1CB677C3}"
EndProject
Project("{9A19103F-16F7-4668-BE54-9A1E7A4F7556}") = "Taxi.Web", "Taxi.Web\Taxi.Web.csproj", "{21B2A2CA-561F-443A-A7A5-D2CAA717700E}"
EndProject
Project("{FAE04EC0-301F-11D3-BF4B-00C04F79EFBC}") = "Taxi.Prism", "Taxi.Prism\Taxi.Prism\Taxi.Prism.csproj", "{FD91DC8A-7300-45DE-AB0F-80E50DCBD220}"
EndProject
Project("{FAE04EC0-301F-11D3-BF4B-00C04F79EFBC}") = "Taxi.Prism.Android", "Taxi.Prism\Taxi.Prism.Android\Taxi.Prism.Android.csproj", "{613936CF-5161-4563-8455-70445461698A}"
EndProject
Project("{FAE04EC0-301F-11D3-BF4B-00C04F79EFBC}") = "Taxi.Prism.iOS", "Taxi.Prism\Taxi.Prism.iOS\Taxi.Prism.iOS.csproj", "{FEBE3302-AE36-4700-A354-31DB093F68DE}"
EndProject
Project("{FAE04EC0-301F-11D3-BF4B-00C04F79EFBC}") = "Taxi.Cross.Android", "Taxi.Cross.Android\Taxi.Cross.Android.csproj", "{1BFB92BC-2474-4129-B54A-517B6D647273}"
EndProject
Project("{FAE04EC0-301F-11D3-BF4B-00C04F79EFBC}") = "Taxi.Cross.iOS", "Taxi.Cross.iOS\Taxi.Cross.iOS.csproj", "{BB1D2808-9C82-4726-8C3C-C31D913100CE}"
EndProject
Global
	GlobalSection(SolutionConfigurationPlatforms) = preSolution
		Ad-Hoc|Any CPU = Ad-Hoc|Any CPU
		Ad-Hoc|iPhone = Ad-Hoc|iPhone
		Ad-Hoc|iPhoneSimulator = Ad-Hoc|iPhoneSimulator
		AppStore|Any CPU = AppStore|Any CPU
		AppStore|iPhone = AppStore|iPhone
		AppStore|iPhoneSimulator = AppStore|iPhoneSimulator
		Debug|Any CPU = Debug|Any CPU
		Debug|iPhone = Debug|iPhone
		Debug|iPhoneSimulator = Debug|iPhoneSimulator
		Release|Any CPU = Release|Any CPU
		Release|iPhone = Release|iPhone
		Release|iPhoneSimulator = Release|iPhoneSimulator
	EndGlobalSection
	GlobalSection(ProjectConfigurationPlatforms) = postSolution
		{B5ABC74B-8644-40E3-8AEB-886F1CB677C3}.Ad-Hoc|Any CPU.ActiveCfg = Release|Any CPU
		{B5ABC74B-8644-40E3-8AEB-886F1CB677C3}.Ad-Hoc|Any CPU.Build.0 = Release|Any CPU
		{B5ABC74B-8644-40E3-8AEB-886F1CB677C3}.Ad-Hoc|iPhone.ActiveCfg = Release|Any CPU
		{B5ABC74B-8644-40E3-8AEB-886F1CB677C3}.Ad-Hoc|iPhone.Build.0 = Release|Any CPU
		{B5ABC74B-8644-40E3-8AEB-886F1CB677C3}.Ad-Hoc|iPhoneSimulator.ActiveCfg = Release|Any CPU
		{B5ABC74B-8644-40E3-8AEB-886F1CB677C3}.Ad-Hoc|iPhoneSimulator.Build.0 = Release|Any CPU
		{B5ABC74B-8644-40E3-8AEB-886F1CB677C3}.AppStore|Any CPU.ActiveCfg = Release|Any CPU
		{B5ABC74B-8644-40E3-8AEB-886F1CB677C3}.AppStore|Any CPU.Build.0 = Release|Any CPU
		{B5ABC74B-8644-40E3-8AEB-886F1CB677C3}.AppStore|iPhone.ActiveCfg = Release|Any CPU
		{B5ABC74B-8644-40E3-8AEB-886F1CB677C3}.AppStore|iPhone.Build.0 = Release|Any CPU
		{B5ABC74B-8644-40E3-8AEB-886F1CB677C3}.AppStore|iPhoneSimulator.ActiveCfg = Release|Any CPU
		{B5ABC74B-8644-40E3-8AEB-886F1CB677C3}.AppStore|iPhoneSimulator.Build.0 = Release|Any CPU
		{B5ABC74B-8644-40E3-8AEB-886F1CB677C3}.Debug|Any CPU.ActiveCfg = Debug|Any CPU
		{B5ABC74B-8644-40E3-8AEB-886F1CB677C3}.Debug|Any CPU.Build.0 = Debug|Any CPU
		{B5ABC74B-8644-40E3-8AEB-886F1CB677C3}.Debug|iPhone.ActiveCfg = Debug|Any CPU
		{B5ABC74B-8644-40E3-8AEB-886F1CB677C3}.Debug|iPhone.Build.0 = Debug|Any CPU
		{B5ABC74B-8644-40E3-8AEB-886F1CB677C3}.Debug|iPhoneSimulator.ActiveCfg = Debug|Any CPU
		{B5ABC74B-8644-40E3-8AEB-886F1CB677C3}.Debug|iPhoneSimulator.Build.0 = Debug|Any CPU
		{B5ABC74B-8644-40E3-8AEB-886F1CB677C3}.Release|Any CPU.ActiveCfg = Release|Any CPU
		{B5ABC74B-8644-40E3-8AEB-886F1CB677C3}.Release|Any CPU.Build.0 = Release|Any CPU
		{B5ABC74B-8644-40E3-8AEB-886F1CB677C3}.Release|iPhone.ActiveCfg = Release|Any CPU
		{B5ABC74B-8644-40E3-8AEB-886F1CB677C3}.Release|iPhone.Build.0 = Release|Any CPU
		{B5ABC74B-8644-40E3-8AEB-886F1CB677C3}.Release|iPhoneSimulator.ActiveCfg = Release|Any CPU
		{B5ABC74B-8644-40E3-8AEB-886F1CB677C3}.Release|iPhoneSimulator.Build.0 = Release|Any CPU
		{21B2A2CA-561F-443A-A7A5-D2CAA717700E}.Ad-Hoc|Any CPU.ActiveCfg = Release|Any CPU
		{21B2A2CA-561F-443A-A7A5-D2CAA717700E}.Ad-Hoc|Any CPU.Build.0 = Release|Any CPU
		{21B2A2CA-561F-443A-A7A5-D2CAA717700E}.Ad-Hoc|iPhone.ActiveCfg = Release|Any CPU
		{21B2A2CA-561F-443A-A7A5-D2CAA717700E}.Ad-Hoc|iPhone.Build.0 = Release|Any CPU
		{21B2A2CA-561F-443A-A7A5-D2CAA717700E}.Ad-Hoc|iPhoneSimulator.ActiveCfg = Release|Any CPU
		{21B2A2CA-561F-443A-A7A5-D2CAA717700E}.Ad-Hoc|iPhoneSimulator.Build.0 = Release|Any CPU
		{21B2A2CA-561F-443A-A7A5-D2CAA717700E}.AppStore|Any CPU.ActiveCfg = Release|Any CPU
		{21B2A2CA-561F-443A-A7A5-D2CAA717700E}.AppStore|Any CPU.Build.0 = Release|Any CPU
		{21B2A2CA-561F-443A-A7A5-D2CAA717700E}.AppStore|iPhone.ActiveCfg = Release|Any CPU
		{21B2A2CA-561F-443A-A7A5-D2CAA717700E}.AppStore|iPhone.Build.0 = Release|Any CPU
		{21B2A2CA-561F-443A-A7A5-D2CAA717700E}.AppStore|iPhoneSimulator.ActiveCfg = Release|Any CPU
		{21B2A2CA-561F-443A-A7A5-D2CAA717700E}.AppStore|iPhoneSimulator.Build.0 = Release|Any CPU
		{21B2A2CA-561F-443A-A7A5-D2CAA717700E}.Debug|Any CPU.ActiveCfg = Debug|Any CPU
		{21B2A2CA-561F-443A-A7A5-D2CAA717700E}.Debug|Any CPU.Build.0 = Debug|Any CPU
		{21B2A2CA-561F-443A-A7A5-D2CAA717700E}.Debug|iPhone.ActiveCfg = Debug|Any CPU
		{21B2A2CA-561F-443A-A7A5-D2CAA717700E}.Debug|iPhone.Build.0 = Debug|Any CPU
		{21B2A2CA-561F-443A-A7A5-D2CAA717700E}.Debug|iPhoneSimulator.ActiveCfg = Debug|Any CPU
		{21B2A2CA-561F-443A-A7A5-D2CAA717700E}.Debug|iPhoneSimulator.Build.0 = Debug|Any CPU
		{21B2A2CA-561F-443A-A7A5-D2CAA717700E}.Release|Any CPU.ActiveCfg = Release|Any CPU
		{21B2A2CA-561F-443A-A7A5-D2CAA717700E}.Release|Any CPU.Build.0 = Release|Any CPU
		{21B2A2CA-561F-443A-A7A5-D2CAA717700E}.Release|iPhone.ActiveCfg = Release|Any CPU
		{21B2A2CA-561F-443A-A7A5-D2CAA717700E}.Release|iPhone.Build.0 = Release|Any CPU
		{21B2A2CA-561F-443A-A7A5-D2CAA717700E}.Release|iPhoneSimulator.ActiveCfg = Release|Any CPU
		{21B2A2CA-561F-443A-A7A5-D2CAA717700E}.Release|iPhoneSimulator.Build.0 = Release|Any CPU
		{FD91DC8A-7300-45DE-AB0F-80E50DCBD220}.Ad-Hoc|Any CPU.ActiveCfg = Debug|Any CPU
		{FD91DC8A-7300-45DE-AB0F-80E50DCBD220}.Ad-Hoc|Any CPU.Build.0 = Debug|Any CPU
		{FD91DC8A-7300-45DE-AB0F-80E50DCBD220}.Ad-Hoc|iPhone.ActiveCfg = Debug|Any CPU
		{FD91DC8A-7300-45DE-AB0F-80E50DCBD220}.Ad-Hoc|iPhone.Build.0 = Debug|Any CPU
		{FD91DC8A-7300-45DE-AB0F-80E50DCBD220}.Ad-Hoc|iPhoneSimulator.ActiveCfg = Debug|Any CPU
		{FD91DC8A-7300-45DE-AB0F-80E50DCBD220}.Ad-Hoc|iPhoneSimulator.Build.0 = Debug|Any CPU
		{FD91DC8A-7300-45DE-AB0F-80E50DCBD220}.AppStore|Any CPU.ActiveCfg = Debug|Any CPU
		{FD91DC8A-7300-45DE-AB0F-80E50DCBD220}.AppStore|Any CPU.Build.0 = Debug|Any CPU
		{FD91DC8A-7300-45DE-AB0F-80E50DCBD220}.AppStore|iPhone.ActiveCfg = Debug|Any CPU
		{FD91DC8A-7300-45DE-AB0F-80E50DCBD220}.AppStore|iPhone.Build.0 = Debug|Any CPU
		{FD91DC8A-7300-45DE-AB0F-80E50DCBD220}.AppStore|iPhoneSimulator.ActiveCfg = Debug|Any CPU
		{FD91DC8A-7300-45DE-AB0F-80E50DCBD220}.AppStore|iPhoneSimulator.Build.0 = Debug|Any CPU
		{FD91DC8A-7300-45DE-AB0F-80E50DCBD220}.Debug|Any CPU.ActiveCfg = Debug|Any CPU
		{FD91DC8A-7300-45DE-AB0F-80E50DCBD220}.Debug|Any CPU.Build.0 = Debug|Any CPU
		{FD91DC8A-7300-45DE-AB0F-80E50DCBD220}.Debug|iPhone.ActiveCfg = Debug|Any CPU
		{FD91DC8A-7300-45DE-AB0F-80E50DCBD220}.Debug|iPhone.Build.0 = Debug|Any CPU
		{FD91DC8A-7300-45DE-AB0F-80E50DCBD220}.Debug|iPhoneSimulator.ActiveCfg = Debug|Any CPU
		{FD91DC8A-7300-45DE-AB0F-80E50DCBD220}.Debug|iPhoneSimulator.Build.0 = Debug|Any CPU
		{FD91DC8A-7300-45DE-AB0F-80E50DCBD220}.Release|Any CPU.ActiveCfg = Release|Any CPU
		{FD91DC8A-7300-45DE-AB0F-80E50DCBD220}.Release|Any CPU.Build.0 = Release|Any CPU
		{FD91DC8A-7300-45DE-AB0F-80E50DCBD220}.Release|iPhone.ActiveCfg = Release|Any CPU
		{FD91DC8A-7300-45DE-AB0F-80E50DCBD220}.Release|iPhone.Build.0 = Release|Any CPU
		{FD91DC8A-7300-45DE-AB0F-80E50DCBD220}.Release|iPhoneSimulator.ActiveCfg = Release|Any CPU
		{FD91DC8A-7300-45DE-AB0F-80E50DCBD220}.Release|iPhoneSimulator.Build.0 = Release|Any CPU
		{613936CF-5161-4563-8455-70445461698A}.Ad-Hoc|Any CPU.ActiveCfg = Release|Any CPU
		{613936CF-5161-4563-8455-70445461698A}.Ad-Hoc|Any CPU.Build.0 = Release|Any CPU
		{613936CF-5161-4563-8455-70445461698A}.Ad-Hoc|Any CPU.Deploy.0 = Release|Any CPU
		{613936CF-5161-4563-8455-70445461698A}.Ad-Hoc|iPhone.ActiveCfg = Release|Any CPU
		{613936CF-5161-4563-8455-70445461698A}.Ad-Hoc|iPhone.Build.0 = Release|Any CPU
		{613936CF-5161-4563-8455-70445461698A}.Ad-Hoc|iPhone.Deploy.0 = Release|Any CPU
		{613936CF-5161-4563-8455-70445461698A}.Ad-Hoc|iPhoneSimulator.ActiveCfg = Release|Any CPU
		{613936CF-5161-4563-8455-70445461698A}.Ad-Hoc|iPhoneSimulator.Build.0 = Release|Any CPU
		{613936CF-5161-4563-8455-70445461698A}.Ad-Hoc|iPhoneSimulator.Deploy.0 = Release|Any CPU
		{613936CF-5161-4563-8455-70445461698A}.AppStore|Any CPU.ActiveCfg = Release|Any CPU
		{613936CF-5161-4563-8455-70445461698A}.AppStore|Any CPU.Build.0 = Release|Any CPU
		{613936CF-5161-4563-8455-70445461698A}.AppStore|Any CPU.Deploy.0 = Release|Any CPU
		{613936CF-5161-4563-8455-70445461698A}.AppStore|iPhone.ActiveCfg = Release|Any CPU
		{613936CF-5161-4563-8455-70445461698A}.AppStore|iPhone.Build.0 = Release|Any CPU
		{613936CF-5161-4563-8455-70445461698A}.AppStore|iPhone.Deploy.0 = Release|Any CPU
		{613936CF-5161-4563-8455-70445461698A}.AppStore|iPhoneSimulator.ActiveCfg = Release|Any CPU
		{613936CF-5161-4563-8455-70445461698A}.AppStore|iPhoneSimulator.Build.0 = Release|Any CPU
		{613936CF-5161-4563-8455-70445461698A}.AppStore|iPhoneSimulator.Deploy.0 = Release|Any CPU
		{613936CF-5161-4563-8455-70445461698A}.Debug|Any CPU.ActiveCfg = Debug|Any CPU
		{613936CF-5161-4563-8455-70445461698A}.Debug|Any CPU.Build.0 = Debug|Any CPU
		{613936CF-5161-4563-8455-70445461698A}.Debug|Any CPU.Deploy.0 = Debug|Any CPU
		{613936CF-5161-4563-8455-70445461698A}.Debug|iPhone.ActiveCfg = Debug|Any CPU
		{613936CF-5161-4563-8455-70445461698A}.Debug|iPhone.Build.0 = Debug|Any CPU
		{613936CF-5161-4563-8455-70445461698A}.Debug|iPhone.Deploy.0 = Debug|Any CPU
		{613936CF-5161-4563-8455-70445461698A}.Debug|iPhoneSimulator.ActiveCfg = Debug|Any CPU
		{613936CF-5161-4563-8455-70445461698A}.Debug|iPhoneSimulator.Build.0 = Debug|Any CPU
		{613936CF-5161-4563-8455-70445461698A}.Debug|iPhoneSimulator.Deploy.0 = Debug|Any CPU
		{613936CF-5161-4563-8455-70445461698A}.Release|Any CPU.ActiveCfg = Release|Any CPU
		{613936CF-5161-4563-8455-70445461698A}.Release|Any CPU.Build.0 = Release|Any CPU
		{613936CF-5161-4563-8455-70445461698A}.Release|Any CPU.Deploy.0 = Release|Any CPU
		{613936CF-5161-4563-8455-70445461698A}.Release|iPhone.ActiveCfg = Release|Any CPU
		{613936CF-5161-4563-8455-70445461698A}.Release|iPhone.Build.0 = Release|Any CPU
		{613936CF-5161-4563-8455-70445461698A}.Release|iPhone.Deploy.0 = Release|Any CPU
		{613936CF-5161-4563-8455-70445461698A}.Release|iPhoneSimulator.ActiveCfg = Release|Any CPU
		{613936CF-5161-4563-8455-70445461698A}.Release|iPhoneSimulator.Build.0 = Release|Any CPU
		{613936CF-5161-4563-8455-70445461698A}.Release|iPhoneSimulator.Deploy.0 = Release|Any CPU
		{FEBE3302-AE36-4700-A354-31DB093F68DE}.Ad-Hoc|Any CPU.ActiveCfg = Ad-Hoc|iPhone
		{FEBE3302-AE36-4700-A354-31DB093F68DE}.Ad-Hoc|iPhone.ActiveCfg = Ad-Hoc|iPhone
		{FEBE3302-AE36-4700-A354-31DB093F68DE}.Ad-Hoc|iPhone.Build.0 = Ad-Hoc|iPhone
		{FEBE3302-AE36-4700-A354-31DB093F68DE}.Ad-Hoc|iPhoneSimulator.ActiveCfg = Ad-Hoc|iPhoneSimulator
		{FEBE3302-AE36-4700-A354-31DB093F68DE}.Ad-Hoc|iPhoneSimulator.Build.0 = Ad-Hoc|iPhoneSimulator
		{FEBE3302-AE36-4700-A354-31DB093F68DE}.AppStore|Any CPU.ActiveCfg = AppStore|iPhone
		{FEBE3302-AE36-4700-A354-31DB093F68DE}.AppStore|iPhone.ActiveCfg = AppStore|iPhone
		{FEBE3302-AE36-4700-A354-31DB093F68DE}.AppStore|iPhone.Build.0 = AppStore|iPhone
		{FEBE3302-AE36-4700-A354-31DB093F68DE}.AppStore|iPhoneSimulator.ActiveCfg = AppStore|iPhoneSimulator
		{FEBE3302-AE36-4700-A354-31DB093F68DE}.AppStore|iPhoneSimulator.Build.0 = AppStore|iPhoneSimulator
		{FEBE3302-AE36-4700-A354-31DB093F68DE}.Debug|Any CPU.ActiveCfg = Debug|iPhone
		{FEBE3302-AE36-4700-A354-31DB093F68DE}.Debug|iPhone.ActiveCfg = Debug|iPhone
		{FEBE3302-AE36-4700-A354-31DB093F68DE}.Debug|iPhone.Build.0 = Debug|iPhone
		{FEBE3302-AE36-4700-A354-31DB093F68DE}.Debug|iPhoneSimulator.ActiveCfg = Debug|iPhoneSimulator
		{FEBE3302-AE36-4700-A354-31DB093F68DE}.Debug|iPhoneSimulator.Build.0 = Debug|iPhoneSimulator
		{FEBE3302-AE36-4700-A354-31DB093F68DE}.Release|Any CPU.ActiveCfg = Release|iPhone
		{FEBE3302-AE36-4700-A354-31DB093F68DE}.Release|iPhone.ActiveCfg = Release|iPhone
		{FEBE3302-AE36-4700-A354-31DB093F68DE}.Release|iPhone.Build.0 = Release|iPhone
		{FEBE3302-AE36-4700-A354-31DB093F68DE}.Release|iPhoneSimulator.ActiveCfg = Release|iPhoneSimulator
		{FEBE3302-AE36-4700-A354-31DB093F68DE}.Release|iPhoneSimulator.Build.0 = Release|iPhoneSimulator
		{1BFB92BC-2474-4129-B54A-517B6D647273}.Ad-Hoc|Any CPU.ActiveCfg = Release|Any CPU
		{1BFB92BC-2474-4129-B54A-517B6D647273}.Ad-Hoc|Any CPU.Build.0 = Release|Any CPU
		{1BFB92BC-2474-4129-B54A-517B6D647273}.Ad-Hoc|Any CPU.Deploy.0 = Release|Any CPU
		{1BFB92BC-2474-4129-B54A-517B6D647273}.Ad-Hoc|iPhone.ActiveCfg = Release|Any CPU
		{1BFB92BC-2474-4129-B54A-517B6D647273}.Ad-Hoc|iPhone.Build.0 = Release|Any CPU
		{1BFB92BC-2474-4129-B54A-517B6D647273}.Ad-Hoc|iPhone.Deploy.0 = Release|Any CPU
		{1BFB92BC-2474-4129-B54A-517B6D647273}.Ad-Hoc|iPhoneSimulator.ActiveCfg = Release|Any CPU
		{1BFB92BC-2474-4129-B54A-517B6D647273}.Ad-Hoc|iPhoneSimulator.Build.0 = Release|Any CPU
		{1BFB92BC-2474-4129-B54A-517B6D647273}.Ad-Hoc|iPhoneSimulator.Deploy.0 = Release|Any CPU
		{1BFB92BC-2474-4129-B54A-517B6D647273}.AppStore|Any CPU.ActiveCfg = Release|Any CPU
		{1BFB92BC-2474-4129-B54A-517B6D647273}.AppStore|Any CPU.Build.0 = Release|Any CPU
		{1BFB92BC-2474-4129-B54A-517B6D647273}.AppStore|Any CPU.Deploy.0 = Release|Any CPU
		{1BFB92BC-2474-4129-B54A-517B6D647273}.AppStore|iPhone.ActiveCfg = Release|Any CPU
		{1BFB92BC-2474-4129-B54A-517B6D647273}.AppStore|iPhone.Build.0 = Release|Any CPU
		{1BFB92BC-2474-4129-B54A-517B6D647273}.AppStore|iPhone.Deploy.0 = Release|Any CPU
		{1BFB92BC-2474-4129-B54A-517B6D647273}.AppStore|iPhoneSimulator.ActiveCfg = Release|Any CPU
		{1BFB92BC-2474-4129-B54A-517B6D647273}.AppStore|iPhoneSimulator.Build.0 = Release|Any CPU
		{1BFB92BC-2474-4129-B54A-517B6D647273}.AppStore|iPhoneSimulator.Deploy.0 = Release|Any CPU
		{1BFB92BC-2474-4129-B54A-517B6D647273}.Debug|Any CPU.ActiveCfg = Debug|Any CPU
		{1BFB92BC-2474-4129-B54A-517B6D647273}.Debug|Any CPU.Build.0 = Debug|Any CPU
		{1BFB92BC-2474-4129-B54A-517B6D647273}.Debug|Any CPU.Deploy.0 = Debug|Any CPU
		{1BFB92BC-2474-4129-B54A-517B6D647273}.Debug|iPhone.ActiveCfg = Debug|Any CPU
		{1BFB92BC-2474-4129-B54A-517B6D647273}.Debug|iPhone.Build.0 = Debug|Any CPU
		{1BFB92BC-2474-4129-B54A-517B6D647273}.Debug|iPhone.Deploy.0 = Debug|Any CPU
		{1BFB92BC-2474-4129-B54A-517B6D647273}.Debug|iPhoneSimulator.ActiveCfg = Debug|Any CPU
		{1BFB92BC-2474-4129-B54A-517B6D647273}.Debug|iPhoneSimulator.Build.0 = Debug|Any CPU
		{1BFB92BC-2474-4129-B54A-517B6D647273}.Debug|iPhoneSimulator.Deploy.0 = Debug|Any CPU
		{1BFB92BC-2474-4129-B54A-517B6D647273}.Release|Any CPU.ActiveCfg = Release|Any CPU
		{1BFB92BC-2474-4129-B54A-517B6D647273}.Release|Any CPU.Build.0 = Release|Any CPU
		{1BFB92BC-2474-4129-B54A-517B6D647273}.Release|Any CPU.Deploy.0 = Release|Any CPU
		{1BFB92BC-2474-4129-B54A-517B6D647273}.Release|iPhone.ActiveCfg = Release|Any CPU
		{1BFB92BC-2474-4129-B54A-517B6D647273}.Release|iPhone.Build.0 = Release|Any CPU
		{1BFB92BC-2474-4129-B54A-517B6D647273}.Release|iPhone.Deploy.0 = Release|Any CPU
		{1BFB92BC-2474-4129-B54A-517B6D647273}.Release|iPhoneSimulator.ActiveCfg = Release|Any CPU
		{1BFB92BC-2474-4129-B54A-517B6D647273}.Release|iPhoneSimulator.Build.0 = Release|Any CPU
		{1BFB92BC-2474-4129-B54A-517B6D647273}.Release|iPhoneSimulator.Deploy.0 = Release|Any CPU
		{BB1D2808-9C82-4726-8C3C-C31D913100CE}.Ad-Hoc|Any CPU.ActiveCfg = Release|iPhone
		{BB1D2808-9C82-4726-8C3C-C31D913100CE}.Ad-Hoc|Any CPU.Build.0 = Release|iPhone
		{BB1D2808-9C82-4726-8C3C-C31D913100CE}.Ad-Hoc|iPhone.ActiveCfg = Release|iPhone
		{BB1D2808-9C82-4726-8C3C-C31D913100CE}.Ad-Hoc|iPhone.Build.0 = Release|iPhone
		{BB1D2808-9C82-4726-8C3C-C31D913100CE}.Ad-Hoc|iPhoneSimulator.ActiveCfg = Release|iPhoneSimulator
		{BB1D2808-9C82-4726-8C3C-C31D913100CE}.Ad-Hoc|iPhoneSimulator.Build.0 = Release|iPhoneSimulator
		{BB1D2808-9C82-4726-8C3C-C31D913100CE}.AppStore|Any CPU.ActiveCfg = Release|iPhone
		{BB1D2808-9C82-4726-8C3C-C31D913100CE}.AppStore|Any CPU.Build.0 = Release|iPhone
		{BB1D2808-9C82-4726-8C3C-C31D913100CE}.AppStore|iPhone.ActiveCfg = Release|iPhone
		{BB1D2808-9C82-4726-8C3C-C31D913100CE}.AppStore|iPhone.Build.0 = Release|iPhone
		{BB1D2808-9C82-4726-8C3C-C31D913100CE}.AppStore|iPhoneSimulator.ActiveCfg = Release|iPhoneSimulator
		{BB1D2808-9C82-4726-8C3C-C31D913100CE}.AppStore|iPhoneSimulator.Build.0 = Release|iPhoneSimulator
		{BB1D2808-9C82-4726-8C3C-C31D913100CE}.Debug|Any CPU.ActiveCfg = Debug|iPhone
		{BB1D2808-9C82-4726-8C3C-C31D913100CE}.Debug|iPhone.ActiveCfg = Debug|iPhone
		{BB1D2808-9C82-4726-8C3C-C31D913100CE}.Debug|iPhone.Build.0 = Debug|iPhone
		{BB1D2808-9C82-4726-8C3C-C31D913100CE}.Debug|iPhoneSimulator.ActiveCfg = Debug|iPhoneSimulator
		{BB1D2808-9C82-4726-8C3C-C31D913100CE}.Debug|iPhoneSimulator.Build.0 = Debug|iPhoneSimulator
		{BB1D2808-9C82-4726-8C3C-C31D913100CE}.Release|Any CPU.ActiveCfg = Release|iPhone
		{BB1D2808-9C82-4726-8C3C-C31D913100CE}.Release|iPhone.ActiveCfg = Release|iPhone
		{BB1D2808-9C82-4726-8C3C-C31D913100CE}.Release|iPhone.Build.0 = Release|iPhone
		{BB1D2808-9C82-4726-8C3C-C31D913100CE}.Release|iPhoneSimulator.ActiveCfg = Release|iPhoneSimulator
		{BB1D2808-9C82-4726-8C3C-C31D913100CE}.Release|iPhoneSimulator.Build.0 = Release|iPhoneSimulator
	EndGlobalSection
	GlobalSection(SolutionProperties) = preSolution
		HideSolutionNode = FALSE
	EndGlobalSection
	GlobalSection(ExtensibilityGlobals) = postSolution
		SolutionGuid = {DBCDC9DF-1528-4C17-9640-C198187F56B6}
	EndGlobalSection
EndGlobal
